
Microsoft Visual Studio Solution File, Format Version 12.00
# Visual Studio Version 17
VisualStudioVersion = 17.12.35514.174
MinimumVisualStudioVersion = 10.0.40219.1
Project("{FAE04EC0-301F-11D3-BF4B-00C04F79EFBC}") = "GoldEx.Server", "src\App\Server\GoldEx.Server\GoldEx.Server.csproj", "{791557A2-F649-4505-8C64-BA3555967EAE}"
EndProject
Project("{FAE04EC0-301F-11D3-BF4B-00C04F79EFBC}") = "GoldEx.Client", "src\App\Client\GoldEx.Client\GoldEx.Client.csproj", "{22DF337E-97D6-4722-BEB5-5AF485C5C673}"
EndProject
Project("{2150E333-8FDC-42A3-9474-1A3956D46DE8}") = "1. Server", "1. Server", "{4CF4DC36-40B0-4E25-9118-0079AA793547}"
EndProject
Project("{2150E333-8FDC-42A3-9474-1A3956D46DE8}") = "1. App", "1. App", "{93ED0600-31A7-4C56-91A7-1CB942834F61}"
EndProject
Project("{2150E333-8FDC-42A3-9474-1A3956D46DE8}") = "2. Client", "2. Client", "{995F1698-4CFD-437B-837F-A1BB26AF58A9}"
EndProject
Project("{2150E333-8FDC-42A3-9474-1A3956D46DE8}") = "3. Shared", "3. Shared", "{B4D1ACF7-5476-43C7-BE0D-0BBD32C8BE0B}"
EndProject
Project("{FAE04EC0-301F-11D3-BF4B-00C04F79EFBC}") = "GoldEx.Shared", "src\App\Shared\GoldEx.Shared\GoldEx.Shared.csproj", "{03BC78FB-A7FC-4928-B875-092D9CD14C83}"
EndProject
Project("{2150E333-8FDC-42A3-9474-1A3956D46DE8}") = "2. Sdk", "2. Sdk", "{4E0FC2B0-2743-44D3-879B-B1B8CA707607}"
EndProject
Project("{FAE04EC0-301F-11D3-BF4B-00C04F79EFBC}") = "GoldEx.Server.Domain", "src\App\Server\GoldEx.Server.Domain\GoldEx.Server.Domain.csproj", "{C3653ABE-B042-496A-9806-F4B01F2AF38A}"
EndProject
Project("{FAE04EC0-301F-11D3-BF4B-00C04F79EFBC}") = "GoldEx.Server.Infrastructure", "src\App\Server\GoldEx.Server.Infrastructure\GoldEx.Server.Infrastructure.csproj", "{4523D757-B33F-457D-AF99-3F70E38A8719}"
EndProject
Project("{FAE04EC0-301F-11D3-BF4B-00C04F79EFBC}") = "GoldEx.Server.Application", "src\App\Server\GoldEx.Server.Application\GoldEx.Server.Application.csproj", "{CC3D796F-A271-481A-85FB-6B533068957C}"
EndProject
Project("{FAE04EC0-301F-11D3-BF4B-00C04F79EFBC}") = "GoldEx.Client.Components", "src\App\Client\GoldEx.Client.Components\GoldEx.Client.Components.csproj", "{D41EA824-3DEF-4057-927B-61712AD340DD}"
EndProject
Project("{FAE04EC0-301F-11D3-BF4B-00C04F79EFBC}") = "GoldEx.Sdk.Server", "src\Sdk\GoldEx.Sdk.Server\GoldEx.Sdk.Server.csproj", "{AA6CB97A-990E-4EF2-89F0-72FD1D035BC3}"
EndProject
Project("{FAE04EC0-301F-11D3-BF4B-00C04F79EFBC}") = "GoldEx.Sdk.Client", "src\Sdk\GoldEx.Sdk.Client\GoldEx.Sdk.Client.csproj", "{BF801738-A7C4-4E15-8AA4-E4AD50B08700}"
EndProject
Project("{FAE04EC0-301F-11D3-BF4B-00C04F79EFBC}") = "GoldEx.Sdk.Common", "src\Sdk\GoldEx.Sdk.Common\GoldEx.Sdk.Common.csproj", "{B491D17A-659A-4078-A72E-3ADE38D3D015}"
EndProject
Project("{2150E333-8FDC-42A3-9474-1A3956D46DE8}") = "3. Tests", "3. Tests", "{29FCF0D7-2B60-43CD-9704-947461A785AC}"
EndProject
Project("{FAE04EC0-301F-11D3-BF4B-00C04F79EFBC}") = "GoldEx.Tests.Server", "src\Tests\GoldEx.Tests.Server\GoldEx.Tests.Server.csproj", "{28BF27DC-430C-4D2E-9A10-A70D87AC343C}"
EndProject
Project("{FAE04EC0-301F-11D3-BF4B-00C04F79EFBC}") = "GoldEx.Client.Offline", "src\App\Client\GoldEx.Client.Offline\GoldEx.Client.Offline.csproj", "{BD5F0B9F-C944-41A9-BBB3-FB853537259E}"
EndProject
Project("{FAE04EC0-301F-11D3-BF4B-00C04F79EFBC}") = "GoldEx.Client.Abstractions", "src\App\Client\GoldEx.Client.Abstractions\GoldEx.Client.Abstractions.csproj", "{F956B1FF-C50B-476E-AEB2-9879B2FA288E}"
EndProject
Project("{FAE04EC0-301F-11D3-BF4B-00C04F79EFBC}") = "GoldEx.Client.Shared", "src\App\Client\GoldEx.Client.Shared\GoldEx.Client.Shared.csproj", "{F74C94F5-274F-4140-A5A6-1FC860D9D5AC}"
EndProject
Project("{FAE04EC0-301F-11D3-BF4B-00C04F79EFBC}") = "GoldEx.Client.Services", "src\App\Client\GoldEx.Client.Services\GoldEx.Client.Services.csproj", "{CB818574-5624-436C-B042-615D99957325}"
EndProject
Global
	GlobalSection(SolutionConfigurationPlatforms) = preSolution
		Debug|Any CPU = Debug|Any CPU
		Release|Any CPU = Release|Any CPU
	EndGlobalSection
	GlobalSection(ProjectConfigurationPlatforms) = postSolution
		{791557A2-F649-4505-8C64-BA3555967EAE}.Debug|Any CPU.ActiveCfg = Debug|Any CPU
		{791557A2-F649-4505-8C64-BA3555967EAE}.Debug|Any CPU.Build.0 = Debug|Any CPU
		{791557A2-F649-4505-8C64-BA3555967EAE}.Release|Any CPU.ActiveCfg = Release|Any CPU
		{791557A2-F649-4505-8C64-BA3555967EAE}.Release|Any CPU.Build.0 = Release|Any CPU
		{22DF337E-97D6-4722-BEB5-5AF485C5C673}.Debug|Any CPU.ActiveCfg = Debug|Any CPU
		{22DF337E-97D6-4722-BEB5-5AF485C5C673}.Debug|Any CPU.Build.0 = Debug|Any CPU
		{22DF337E-97D6-4722-BEB5-5AF485C5C673}.Release|Any CPU.ActiveCfg = Release|Any CPU
		{22DF337E-97D6-4722-BEB5-5AF485C5C673}.Release|Any CPU.Build.0 = Release|Any CPU
		{03BC78FB-A7FC-4928-B875-092D9CD14C83}.Debug|Any CPU.ActiveCfg = Debug|Any CPU
		{03BC78FB-A7FC-4928-B875-092D9CD14C83}.Debug|Any CPU.Build.0 = Debug|Any CPU
		{03BC78FB-A7FC-4928-B875-092D9CD14C83}.Release|Any CPU.ActiveCfg = Release|Any CPU
		{03BC78FB-A7FC-4928-B875-092D9CD14C83}.Release|Any CPU.Build.0 = Release|Any CPU
		{C3653ABE-B042-496A-9806-F4B01F2AF38A}.Debug|Any CPU.ActiveCfg = Debug|Any CPU
		{C3653ABE-B042-496A-9806-F4B01F2AF38A}.Debug|Any CPU.Build.0 = Debug|Any CPU
		{C3653ABE-B042-496A-9806-F4B01F2AF38A}.Release|Any CPU.ActiveCfg = Release|Any CPU
		{C3653ABE-B042-496A-9806-F4B01F2AF38A}.Release|Any CPU.Build.0 = Release|Any CPU
		{4523D757-B33F-457D-AF99-3F70E38A8719}.Debug|Any CPU.ActiveCfg = Debug|Any CPU
		{4523D757-B33F-457D-AF99-3F70E38A8719}.Debug|Any CPU.Build.0 = Debug|Any CPU
		{4523D757-B33F-457D-AF99-3F70E38A8719}.Release|Any CPU.ActiveCfg = Release|Any CPU
		{4523D757-B33F-457D-AF99-3F70E38A8719}.Release|Any CPU.Build.0 = Release|Any CPU
		{CC3D796F-A271-481A-85FB-6B533068957C}.Debug|Any CPU.ActiveCfg = Debug|Any CPU
		{CC3D796F-A271-481A-85FB-6B533068957C}.Debug|Any CPU.Build.0 = Debug|Any CPU
		{CC3D796F-A271-481A-85FB-6B533068957C}.Release|Any CPU.ActiveCfg = Release|Any CPU
		{CC3D796F-A271-481A-85FB-6B533068957C}.Release|Any CPU.Build.0 = Release|Any CPU
		{D41EA824-3DEF-4057-927B-61712AD340DD}.Debug|Any CPU.ActiveCfg = Debug|Any CPU
		{D41EA824-3DEF-4057-927B-61712AD340DD}.Debug|Any CPU.Build.0 = Debug|Any CPU
		{D41EA824-3DEF-4057-927B-61712AD340DD}.Release|Any CPU.ActiveCfg = Release|Any CPU
		{D41EA824-3DEF-4057-927B-61712AD340DD}.Release|Any CPU.Build.0 = Release|Any CPU
		{AA6CB97A-990E-4EF2-89F0-72FD1D035BC3}.Debug|Any CPU.ActiveCfg = Debug|Any CPU
		{AA6CB97A-990E-4EF2-89F0-72FD1D035BC3}.Debug|Any CPU.Build.0 = Debug|Any CPU
		{AA6CB97A-990E-4EF2-89F0-72FD1D035BC3}.Release|Any CPU.ActiveCfg = Release|Any CPU
		{AA6CB97A-990E-4EF2-89F0-72FD1D035BC3}.Release|Any CPU.Build.0 = Release|Any CPU
		{BF801738-A7C4-4E15-8AA4-E4AD50B08700}.Debug|Any CPU.ActiveCfg = Debug|Any CPU
		{BF801738-A7C4-4E15-8AA4-E4AD50B08700}.Debug|Any CPU.Build.0 = Debug|Any CPU
		{BF801738-A7C4-4E15-8AA4-E4AD50B08700}.Release|Any CPU.ActiveCfg = Release|Any CPU
		{BF801738-A7C4-4E15-8AA4-E4AD50B08700}.Release|Any CPU.Build.0 = Release|Any CPU
		{B491D17A-659A-4078-A72E-3ADE38D3D015}.Debug|Any CPU.ActiveCfg = Debug|Any CPU
		{B491D17A-659A-4078-A72E-3ADE38D3D015}.Debug|Any CPU.Build.0 = Debug|Any CPU
		{B491D17A-659A-4078-A72E-3ADE38D3D015}.Release|Any CPU.ActiveCfg = Release|Any CPU
		{B491D17A-659A-4078-A72E-3ADE38D3D015}.Release|Any CPU.Build.0 = Release|Any CPU
		{28BF27DC-430C-4D2E-9A10-A70D87AC343C}.Debug|Any CPU.ActiveCfg = Debug|Any CPU
		{28BF27DC-430C-4D2E-9A10-A70D87AC343C}.Debug|Any CPU.Build.0 = Debug|Any CPU
		{28BF27DC-430C-4D2E-9A10-A70D87AC343C}.Release|Any CPU.ActiveCfg = Release|Any CPU
		{28BF27DC-430C-4D2E-9A10-A70D87AC343C}.Release|Any CPU.Build.0 = Release|Any CPU
		{BD5F0B9F-C944-41A9-BBB3-FB853537259E}.Debug|Any CPU.ActiveCfg = Debug|Any CPU
		{BD5F0B9F-C944-41A9-BBB3-FB853537259E}.Debug|Any CPU.Build.0 = Debug|Any CPU
		{BD5F0B9F-C944-41A9-BBB3-FB853537259E}.Release|Any CPU.ActiveCfg = Release|Any CPU
		{BD5F0B9F-C944-41A9-BBB3-FB853537259E}.Release|Any CPU.Build.0 = Release|Any CPU
		{F956B1FF-C50B-476E-AEB2-9879B2FA288E}.Debug|Any CPU.ActiveCfg = Debug|Any CPU
		{F956B1FF-C50B-476E-AEB2-9879B2FA288E}.Debug|Any CPU.Build.0 = Debug|Any CPU
		{F956B1FF-C50B-476E-AEB2-9879B2FA288E}.Release|Any CPU.ActiveCfg = Release|Any CPU
		{F956B1FF-C50B-476E-AEB2-9879B2FA288E}.Release|Any CPU.Build.0 = Release|Any CPU
		{F74C94F5-274F-4140-A5A6-1FC860D9D5AC}.Debug|Any CPU.ActiveCfg = Debug|Any CPU
		{F74C94F5-274F-4140-A5A6-1FC860D9D5AC}.Debug|Any CPU.Build.0 = Debug|Any CPU
		{F74C94F5-274F-4140-A5A6-1FC860D9D5AC}.Release|Any CPU.ActiveCfg = Release|Any CPU
		{F74C94F5-274F-4140-A5A6-1FC860D9D5AC}.Release|Any CPU.Build.0 = Release|Any CPU
		{CB818574-5624-436C-B042-615D99957325}.Debug|Any CPU.ActiveCfg = Debug|Any CPU
		{CB818574-5624-436C-B042-615D99957325}.Debug|Any CPU.Build.0 = Debug|Any CPU
		{CB818574-5624-436C-B042-615D99957325}.Release|Any CPU.ActiveCfg = Release|Any CPU
		{CB818574-5624-436C-B042-615D99957325}.Release|Any CPU.Build.0 = Release|Any CPU
	EndGlobalSection
	GlobalSection(SolutionProperties) = preSolution
		HideSolutionNode = FALSE
	EndGlobalSection
	GlobalSection(NestedProjects) = preSolution
		{791557A2-F649-4505-8C64-BA3555967EAE} = {4CF4DC36-40B0-4E25-9118-0079AA793547}
		{22DF337E-97D6-4722-BEB5-5AF485C5C673} = {995F1698-4CFD-437B-837F-A1BB26AF58A9}
		{4CF4DC36-40B0-4E25-9118-0079AA793547} = {93ED0600-31A7-4C56-91A7-1CB942834F61}
		{995F1698-4CFD-437B-837F-A1BB26AF58A9} = {93ED0600-31A7-4C56-91A7-1CB942834F61}
		{B4D1ACF7-5476-43C7-BE0D-0BBD32C8BE0B} = {93ED0600-31A7-4C56-91A7-1CB942834F61}
		{03BC78FB-A7FC-4928-B875-092D9CD14C83} = {B4D1ACF7-5476-43C7-BE0D-0BBD32C8BE0B}
		{C3653ABE-B042-496A-9806-F4B01F2AF38A} = {4CF4DC36-40B0-4E25-9118-0079AA793547}
		{4523D757-B33F-457D-AF99-3F70E38A8719} = {4CF4DC36-40B0-4E25-9118-0079AA793547}
		{CC3D796F-A271-481A-85FB-6B533068957C} = {4CF4DC36-40B0-4E25-9118-0079AA793547}
		{D41EA824-3DEF-4057-927B-61712AD340DD} = {995F1698-4CFD-437B-837F-A1BB26AF58A9}
		{AA6CB97A-990E-4EF2-89F0-72FD1D035BC3} = {4E0FC2B0-2743-44D3-879B-B1B8CA707607}
		{BF801738-A7C4-4E15-8AA4-E4AD50B08700} = {4E0FC2B0-2743-44D3-879B-B1B8CA707607}
		{B491D17A-659A-4078-A72E-3ADE38D3D015} = {4E0FC2B0-2743-44D3-879B-B1B8CA707607}
		{28BF27DC-430C-4D2E-9A10-A70D87AC343C} = {29FCF0D7-2B60-43CD-9704-947461A785AC}
		{BD5F0B9F-C944-41A9-BBB3-FB853537259E} = {995F1698-4CFD-437B-837F-A1BB26AF58A9}
		{F956B1FF-C50B-476E-AEB2-9879B2FA288E} = {995F1698-4CFD-437B-837F-A1BB26AF58A9}
		{F74C94F5-274F-4140-A5A6-1FC860D9D5AC} = {995F1698-4CFD-437B-837F-A1BB26AF58A9}
		{CB818574-5624-436C-B042-615D99957325} = {995F1698-4CFD-437B-837F-A1BB26AF58A9}
	EndGlobalSection
EndGlobal
